---
lockfileVersion: 1
lockfileVendor: redhat
arches:
- arch: aarch64
  packages:
  - url: https://cdn-ubi.redhat.com/content/public/ubi/dist/ubi9/9/aarch64/appstream/os/Packages/n/nginx-1.20.1-28.el9_8.2.aarch64.rpm
    repoid: ubi-9-for-aarch64-appstream-rpms
    size: 45396
    checksum: sha256:5a15f60e49058c41b8b7778075053f85c960126d846b15af8711de5565a56306
    name: nginx
    evr: 2:1.20.1-28.el9_8.2
    sourcerpm: nginx-1.20.1-28.el9_8.2.src.rpm
  - url: https://cdn-ubi.redhat.com/content/public/ubi/dist/ubi9/9/aarch64/appstream/os/Packages/n/nginx-core-1.20.1-28.el9_8.2.aarch64.rpm
    repoid: ubi-9-for-aarch64-appstream-rpms
    size: 593596
    checksum: sha256:902632e893de896bed936444eddb93076145ed2823bf2a666d8aa765c92b09bf
    name: nginx-core
    evr: 2:1.20.1-28.el9_8.2
    sourcerpm: nginx-1.20.1-28.el9_8.2.src.rpm
  - url: https://cdn-ubi.redhat.com/content/public/ubi/dist/ubi9/9/aarch64/appstream/os/Packages/n/nginx-filesystem-1.20.1-28.el9_8.2.noarch.rpm
    repoid: ubi-9-for-aarch64-appstream-rpms
    size: 17059
    checksum: sha256:5199f3b402a9c1adb81b378950fa149799eeca049648e6d438b5840f2a732ba4
    name: nginx-filesystem
    evr: 2:1.20.1-28.el9_8.2
    sourcerpm: nginx-1.20.1-28.el9_8.2.src.rpm
  - url: https://cdn-ubi.redhat.com/content/public/ubi/dist/ubi9/9/aarch64/appstream/os/Packages/r/redhat-logos-httpd-90.6-1.el9.noarch.rpm
    repoid: ubi-9-for-aarch64-appstream-rpms
    size: 15717
    checksum: sha256:59b3f463c662b8666919d3d76fc48bd7c31a8b131736dc92d9d2135ca7f3533c
    name: redhat-logos-httpd
    evr: 90.6-1.el9
    sourcerpm: redhat-logos-90.6-1.el9.src.rpm
  - url: https://cdn-ubi.redhat.com/content/public/ubi/dist/ubi9/9/aarch64/baseos/os/Packages/a/acl-2.3.1-4.el9.aarch64.rpm
    repoid: ubi-9-for-aarch64-baseos-rpms
    size: 77245
    checksum: sha256:59d24711260ff0e69762fc4e728279b0e7b6ecfdb5a9b8ba01cd96682c679022
    name: acl
    evr: 2.3.1-4.el9
    sourcerpm: acl-2.3.1-4.el9.src.rpm
  - url: https://cdn-ubi.redhat.com/content/public/ubi/dist/ubi9/9/aarch64/baseos/os/Packages/c/cracklib-2.9.6-28.el9.aarch64.rpm
    repoid: ubi-9-for-aarch64-baseos-rpms
    size: 102026
    checksum: sha256:d85216b672a15e5dd8cc771b853e3b73e832034949ee23998d8403609fba00a2
    name: cracklib
    evr: 2.9.6-28.el9
    sourcerpm: cracklib-2.9.6-28.el9.src.rpm
  - url: https://cdn-ubi.redhat.com/content/public/ubi/dist/ubi9/9/aarch64/baseos/os/Packages/c/cracklib-dicts-2.9.6-28.el9.aarch64.rpm
    repoid: ubi-9-for-aarch64-baseos-rpms
    size: 3829400
    checksum: sha256:807345f95c448cb58d4db8d059f76e4c139ef029887d59b431efd20db934745a
    name: cracklib-dicts
    evr: 2.9.6-28.el9
    sourcerpm: cracklib-2.9.6-28.el9.src.rpm
  - url: https://cdn-ubi.redhat.com/content/public/ubi/dist/ubi9/9/aarch64/baseos/os/Packages/d/dbus-1.12.20-8.el9.aarch64.rpm
    repoid: ubi-9-for-aarch64-baseos-rpms
    size: 8025
    checksum: sha256:5178f638660d1699fb06caeeac91f41c07da59b500e94adf2653df892f2cbdf8
    name: dbus
    evr: 1:1.12.20-8.el9
    sourcerpm: dbus-1.12.20-8.el9.src.rpm
  - url: https://cdn-ubi.redhat.com/content/public/ubi/dist/ubi9/9/aarch64/baseos/os/Packages/d/dbus-broker-28-7.el9.aarch64.rpm
    repoid: ubi-9-for-aarch64-baseos-rpms
    size: 173303
    checksum: sha256:342af53fbf4254e34b5f19a6be6f22c67551c26dd0c49016edc93e806621b75d
    name: dbus-broker
    evr: 28-7.el9
    sourcerpm: dbus-broker-28-7.el9.src.rpm
  - url: https://cdn-ubi.redhat.com/content/public/ubi/dist/ubi9/9/aarch64/baseos/os/Packages/d/dbus-common-1.12.20-8.el9.noarch.rpm
    repoid: ubi-9-for-aarch64-baseos-rpms
    size: 18551
    checksum: sha256:298f1cada3cbcef6713098b9925694a0e30e8566f7a5bdbd72384520cf6c8360
    name: dbus-common
    evr: 1:1.12.20-8.el9
    sourcerpm: dbus-1.12.20-8.el9.src.rpm
  - url: https://cdn-ubi.redhat.com/content/public/ubi/dist/ubi9/9/aarch64/baseos/os/Packages/e/expat-2.5.0-6.el9.aarch64.rpm
    repoid: ubi-9-for-aarch64-baseos-rpms
    size: 114418
    checksum: sha256:acbb03d5e75b387a4cff967de7db4030a0299103acab30709c3b739082112017
    name: expat
    evr: 2.5.0-6.el9
    sourcerpm: expat-2.5.0-6.el9.src.rpm
  - url: https://cdn-ubi.redhat.com/content/public/ubi/dist/ubi9/9/aarch64/baseos/os/Packages/g/gzip-1.12-1.el9.aarch64.rpm
    repoid: ubi-9-for-aarch64-baseos-rpms
    size: 169809
    checksum: sha256:45710df49b439ddc4a2848fd3877367761b574234ae28b6be46f1cf54f3fcdca
    name: gzip
    evr: 1.12-1.el9
    sourcerpm: gzip-1.12-1.el9.src.rpm
  - url: https://cdn-ubi.redhat.com/content/public/ubi/dist/ubi9/9/aarch64/baseos/os/Packages/k/kmod-libs-28-11.el9.aarch64.rpm
    repoid: ubi-9-for-aarch64-baseos-rpms
    size: 62168
    checksum: sha256:58526b701eb3a72de98062c58b56524c35916a7b1191bb1a846da33be5a5f709
    name: kmod-libs
    evr: 28-11.el9
    sourcerpm: kmod-28-11.el9.src.rpm
  - url: https://cdn-ubi.redhat.com/content/public/ubi/dist/ubi9/9/aarch64/baseos/os/Packages/l/libblkid-2.37.4-25.el9.aarch64.rpm
    repoid: ubi-9-for-aarch64-baseos-rpms
    size: 113931
    checksum: sha256:2c38ac06d3a267b62fc5ea4e149a25c4287c19157f4f18e0f7edea4787b27e15
    name: libblkid
    evr: 2.37.4-25.el9
    sourcerpm: util-linux-2.37.4-25.el9.src.rpm
  - url: https://cdn-ubi.redhat.com/content/public/ubi/dist/ubi9/9/aarch64/baseos/os/Packages/l/libdb-5.3.28-57.el9_6.aarch64.rpm
    repoid: ubi-9-for-aarch64-baseos-rpms
    size: 727417
    checksum: sha256:3a912b2a0a6226695a5773138ce5ce090c9fb155151dffe732b8d52e6dd22d63
    name: libdb
    evr: 5.3.28-57.el9_6
    sourcerpm: libdb-5.3.28-57.el9_6.src.rpm
  - url: https://cdn-ubi.redhat.com/content/public/ubi/dist/ubi9/9/aarch64/baseos/os/Packages/l/libeconf-0.4.1-5.el9.aarch64.rpm
    repoid: ubi-9-for-aarch64-baseos-rpms
    size: 25806
    checksum: sha256:e1a899e85549254117622b7e6bf58a8fb8f4d0484773d1bf3fc7753b559f82d8
    name: libeconf
    evr: 0.4.1-5.el9
    sourcerpm: libeconf-0.4.1-5.el9.src.rpm
  - url: https://cdn-ubi.redhat.com/content/public/ubi/dist/ubi9/9/aarch64/baseos/os/Packages/l/libfdisk-2.37.4-25.el9.aarch64.rpm
    repoid: ubi-9-for-aarch64-baseos-rpms
    size: 156711
    checksum: sha256:af043918fc50ce5b3de50c48c3de0143140b692fbf639db6f259270c4211a776
    name: libfdisk
    evr: 2.37.4-25.el9
    sourcerpm: util-linux-2.37.4-25.el9.src.rpm
  - url: https://cdn-ubi.redhat.com/content/public/ubi/dist/ubi9/9/aarch64/baseos/os/Packages/l/libmount-2.37.4-25.el9.aarch64.rpm
    repoid: ubi-9-for-aarch64-baseos-rpms
    size: 140081
    checksum: sha256:152aee3abc8d97a37ff4ce2f5027d7e16e93ff2c77d25e900258da54e6fcc64e
    name: libmount
    evr: 2.37.4-25.el9
    sourcerpm: util-linux-2.37.4-25.el9.src.rpm
  - url: https://cdn-ubi.redhat.com/content/public/ubi/dist/ubi9/9/aarch64/baseos/os/Packages/l/libpwquality-1.4.4-8.el9.aarch64.rpm
    repoid: ubi-9-for-aarch64-baseos-rpms
    size: 125712
    checksum: sha256:1657d94bbd79f93dc7a79d474316813bde681ce3a7f62f73314ec4d630e39349
    name: libpwquality
    evr: 1.4.4-8.el9
    sourcerpm: libpwquality-1.4.4-8.el9.src.rpm
  - url: https://cdn-ubi.redhat.com/content/public/ubi/dist/ubi9/9/aarch64/baseos/os/Packages/l/libseccomp-2.5.2-2.el9.aarch64.rpm
    repoid: ubi-9-for-aarch64-baseos-rpms
    size: 76024
    checksum: sha256:fc1d5e93483d166ca7f2acb50c04c181db2f3e7b89dba8edc6b1e5f2b0f10619
    name: libseccomp
    evr: 2.5.2-2.el9
    sourcerpm: libseccomp-2.5.2-2.el9.src.rpm
  - url: https://cdn-ubi.redhat.com/content/public/ubi/dist/ubi9/9/aarch64/baseos/os/Packages/l/libsmartcols-2.37.4-25.el9.aarch64.rpm
    repoid: ubi-9-for-aarch64-baseos-rpms
    size: 67440
    checksum: sha256:1704e73a566c920796d877c7bc3e5a96ea0c0c4194109c7b085c1128c01856af
    name: libsmartcols
    evr: 2.37.4-25.el9
    sourcerpm: util-linux-2.37.4-25.el9.src.rpm
  - url: https://cdn-ubi.redhat.com/content/public/ubi/dist/ubi9/9/aarch64/baseos/os/Packages/l/libutempter-1.2.1-6.el9.aarch64.rpm
    repoid: ubi-9-for-aarch64-baseos-rpms
    size: 30505
    checksum: sha256:d352371cbb7d5bd0c53fc699df953c8c1f184b056690b3c4571e57a6634015c5
    name: libutempter
    evr: 1.2.1-6.el9
    sourcerpm: libutempter-1.2.1-6.el9.src.rpm
  - url: https://cdn-ubi.redhat.com/content/public/ubi/dist/ubi9/9/aarch64/baseos/os/Packages/l/libuuid-2.37.4-25.el9.aarch64.rpm
    repoid: ubi-9-for-aarch64-baseos-rpms
    size: 32555
    checksum: sha256:4d7bb4144053a30067a82423fb6e88fd08c7a69bd256eb21b08c0e3f4dbbaee6
    name: libuuid
    evr: 2.37.4-25.el9
    sourcerpm: util-linux-2.37.4-25.el9.src.rpm
  - url: https://cdn-ubi.redhat.com/content/public/ubi/dist/ubi9/9/aarch64/baseos/os/Packages/l/logrotate-3.18.0-12.el9.aarch64.rpm
    repoid: ubi-9-for-aarch64-baseos-rpms
    size: 74117
    checksum: sha256:9b8142fb8bd0a89c48655a385a58357e3d78ffa9a119db4eb24cec67b6e8ded8
    name: logrotate
    evr: 3.18.0-12.el9
    sourcerpm: logrotate-3.18.0-12.el9.src.rpm
  - url: https://cdn-ubi.redhat.com/content/public/ubi/dist/ubi9/9/aarch64/baseos/os/Packages/o/openssl-3.5.5-3.el9_8.aarch64.rpm
    repoid: ubi-9-for-aarch64-baseos-rpms
    size: 1540182
    checksum: sha256:75511f7bb94d241b5c0a30b06cc0acf6a84d24d8c445e5609a41dff594fb53c8
    name: openssl
    evr: 1:3.5.5-3.el9_8
    sourcerpm: openssl-3.5.5-3.el9_8.src.rpm
  - url: https://cdn-ubi.redhat.com/content/public/ubi/dist/ubi9/9/aarch64/baseos/os/Packages/o/openssl-libs-3.5.5-3.el9_8.aarch64.rpm
    repoid: ubi-9-for-aarch64-baseos-rpms
    size: 2289630
    checksum: sha256:8a9d213791df60c339213f0590f3df96a6b5e64b602737c215e33264d8596dbb
    name: openssl-libs
    evr: 1:3.5.5-3.el9_8
    sourcerpm: openssl-3.5.5-3.el9_8.src.rpm
  - url: https://cdn-ubi.redhat.com/content/public/ubi/dist/ubi9/9/aarch64/baseos/os/Packages/p/pam-1.5.1-28.el9.aarch64.rpm
    repoid: ubi-9-for-aarch64-baseos-rpms
    size: 635826
    checksum: sha256:eab9afe4a8ef70912d8c59c0d8c429c0474436e756d37bcd9ee0589f9a1c9311
    name: pam
    evr: 1.5.1-28.el9
    sourcerpm: pam-1.5.1-28.el9.src.rpm
  - url: https://cdn-ubi.redhat.com/content/public/ubi/dist/ubi9/9/aarch64/baseos/os/Packages/s/systemd-252-67.el9_8.2.aarch64.rpm
    repoid: ubi-9-for-aarch64-baseos-rpms
    size: 4155781
    checksum: sha256:2052a9bbb59b77d20fd8e402e5f798d2498792e60e239e56ce963b460cd97c93
    name: systemd
    evr: 252-67.el9_8.2
    sourcerpm: systemd-252-67.el9_8.2.src.rpm
  - url: https://cdn-ubi.redhat.com/content/public/ubi/dist/ubi9/9/aarch64/baseos/os/Packages/s/systemd-libs-252-67.el9_8.2.aarch64.rpm
    repoid: ubi-9-for-aarch64-baseos-rpms
    size: 648224
    checksum: sha256:dbd9902caab6c3668815b47c102d157feb1f6a278bcf90cc2acf8e2802a7de1f
    name: systemd-libs
    evr: 252-67.el9_8.2
    sourcerpm: systemd-252-67.el9_8.2.src.rpm
  - url: https://cdn-ubi.redhat.com/content/public/ubi/dist/ubi9/9/aarch64/baseos/os/Packages/s/systemd-pam-252-67.el9_8.2.aarch64.rpm
    repoid: ubi-9-for-aarch64-baseos-rpms
    size: 267038
    checksum: sha256:f828175f86e78f6df0dd0a84cb84487b6d731299d948fad360ce073743173492
    name: systemd-pam
    evr: 252-67.el9_8.2
    sourcerpm: systemd-252-67.el9_8.2.src.rpm
  - url: https://cdn-ubi.redhat.com/content/public/ubi/dist/ubi9/9/aarch64/baseos/os/Packages/s/systemd-rpm-macros-252-67.el9_8.2.noarch.rpm
    repoid: ubi-9-for-aarch64-baseos-rpms
    size: 60014
    checksum: sha256:40414d69836b9e6b409c63ff8fa3b443321bfe5f5074e1ca90367d215f9b5afc
    name: systemd-rpm-macros
    evr: 252-67.el9_8.2
    sourcerpm: systemd-252-67.el9_8.2.src.rpm
  - url: https://cdn-ubi.redhat.com/content/public/ubi/dist/ubi9/9/aarch64/baseos/os/Packages/u/util-linux-2.37.4-25.el9.aarch64.rpm
    repoid: ubi-9-for-aarch64-baseos-rpms
    size: 2390152
    checksum: sha256:3681bbe37d46309673f366135787f5713f0ef575e3cd413cd221af2512e3634b
    name: util-linux
    evr: 2.37.4-25.el9
    sourcerpm: util-linux-2.37.4-25.el9.src.rpm
  - url: https://cdn-ubi.redhat.com/content/public/ubi/dist/ubi9/9/aarch64/baseos/os/Packages/u/util-linux-core-2.37.4-25.el9.aarch64.rpm
    repoid: ubi-9-for-aarch64-baseos-rpms
    size: 472949
    checksum: sha256:de7ad826dd42b383d93f6dc6b720a26d4cd4815d00c0f093c2e28037a8881424
    name: util-linux-core
    evr: 2.37.4-25.el9
    sourcerpm: util-linux-2.37.4-25.el9.src.rpm
  source: []
  module_metadata: []
- arch: x86_64
  packages:
  - url: https://cdn-ubi.redhat.com/content/public/ubi/dist/ubi9/9/x86_64/appstream/os/Packages/n/nginx-1.20.1-28.el9_8.2.x86_64.rpm
    repoid: ubi-9-for-x86_64-appstream-rpms
    size: 45416
    checksum: sha256:648dd83896e35df8bb5cbfa40f6e4924933eae72be186a9193b679badb6e5f96
    name: nginx
    evr: 2:1.20.1-28.el9_8.2
    sourcerpm: nginx-1.20.1-28.el9_8.2.src.rpm
  - url: https://cdn-ubi.redhat.com/content/public/ubi/dist/ubi9/9/x86_64/appstream/os/Packages/n/nginx-core-1.20.1-28.el9_8.2.x86_64.rpm
    repoid: ubi-9-for-x86_64-appstream-rpms
    size: 592601
    checksum: sha256:ede6775e755a9129a2e40d3de494981dc6d8c0c80cb7ddc0cee9cf2c856cb5dc
    name: nginx-core
    evr: 2:1.20.1-28.el9_8.2
    sourcerpm: nginx-1.20.1-28.el9_8.2.src.rpm
  - url: https://cdn-ubi.redhat.com/content/public/ubi/dist/ubi9/9/x86_64/appstream/os/Packages/n/nginx-filesystem-1.20.1-28.el9_8.2.noarch.rpm
    repoid: ubi-9-for-x86_64-appstream-rpms
    size: 17059
    checksum: sha256:5199f3b402a9c1adb81b378950fa149799eeca049648e6d438b5840f2a732ba4
    name: nginx-filesystem
    evr: 2:1.20.1-28.el9_8.2
    sourcerpm: nginx-1.20.1-28.el9_8.2.src.rpm
  - url: https://cdn-ubi.redhat.com/content/public/ubi/dist/ubi9/9/x86_64/appstream/os/Packages/r/redhat-logos-httpd-90.6-1.el9.noarch.rpm
    repoid: ubi-9-for-x86_64-appstream-rpms
    size: 15717
    checksum: sha256:59b3f463c662b8666919d3d76fc48bd7c31a8b131736dc92d9d2135ca7f3533c
    name: redhat-logos-httpd
    evr: 90.6-1.el9
    sourcerpm: redhat-logos-90.6-1.el9.src.rpm
  - url: https://cdn-ubi.redhat.com/content/public/ubi/dist/ubi9/9/x86_64/baseos/os/Packages/a/acl-2.3.1-4.el9.x86_64.rpm
    repoid: ubi-9-for-x86_64-baseos-rpms
    size: 77226
    checksum: sha256:150d7232faa90f84a09268f8998ee32670eef59cba98612aeb996ab75c4dfcc4
    name: acl
    evr: 2.3.1-4.el9
    sourcerpm: acl-2.3.1-4.el9.src.rpm
  - url: https://cdn-ubi.redhat.com/content/public/ubi/dist/ubi9/9/x86_64/baseos/os/Packages/c/cracklib-2.9.6-28.el9.x86_64.rpm
    repoid: ubi-9-for-x86_64-baseos-rpms
    size: 102444
    checksum: sha256:3b415381d4bd307686268ec42f646c7770f6a815de73a40a88aab7a7061b30a9
    name: cracklib
    evr: 2.9.6-28.el9
    sourcerpm: cracklib-2.9.6-28.el9.src.rpm
  - url: https://cdn-ubi.redhat.com/content/public/ubi/dist/ubi9/9/x86_64/baseos/os/Packages/c/cracklib-dicts-2.9.6-28.el9.x86_64.rpm
    repoid: ubi-9-for-x86_64-baseos-rpms
    size: 3829431
    checksum: sha256:61c11d3c23b62016b9939f917bb7f7e03cba324eb4ad35b375387ce9f18e25a1
    name: cracklib-dicts
    evr: 2.9.6-28.el9
    sourcerpm: cracklib-2.9.6-28.el9.src.rpm
  - url: https://cdn-ubi.redhat.com/content/public/ubi/dist/ubi9/9/x86_64/baseos/os/Packages/d/dbus-1.12.20-8.el9.x86_64.rpm
    repoid: ubi-9-for-x86_64-baseos-rpms
    size: 8073
    checksum: sha256:96b1daa4de0a635ab760a8431fb005022bb7cb48d2d1d3ec9a8adb1798c0e10e
    name: dbus
    evr: 1:1.12.20-8.el9
    sourcerpm: dbus-1.12.20-8.el9.src.rpm
  - url: https://cdn-ubi.redhat.com/content/public/ubi/dist/ubi9/9/x86_64/baseos/os/Packages/d/dbus-broker-28-7.el9.x86_64.rpm
    repoid: ubi-9-for-x86_64-baseos-rpms
    size: 179634
    checksum: sha256:de9869c08df7f6952787d0335b9bf1a09b328bea920556a59af07c8e085dd3cb
    name: dbus-broker
    evr: 28-7.el9
    sourcerpm: dbus-broker-28-7.el9.src.rpm
  - url: https://cdn-ubi.redhat.com/content/public/ubi/dist/ubi9/9/x86_64/baseos/os/Packages/d/dbus-common-1.12.20-8.el9.noarch.rpm
    repoid: ubi-9-for-x86_64-baseos-rpms
    size: 18551
    checksum: sha256:298f1cada3cbcef6713098b9925694a0e30e8566f7a5bdbd72384520cf6c8360
    name: dbus-common
    evr: 1:1.12.20-8.el9
    sourcerpm: dbus-1.12.20-8.el9.src.rpm
  - url: https://cdn-ubi.redhat.com/content/public/ubi/dist/ubi9/9/x86_64/baseos/os/Packages/e/expat-2.5.0-6.el9.x86_64.rpm
    repoid: ubi-9-for-x86_64-baseos-rpms
    size: 120289
    checksum: sha256:d3db74f301ef2aab029523c80fcd8744bff69aab442a6ee9f71f85934ad910c2
    name: expat
    evr: 2.5.0-6.el9
    sourcerpm: expat-2.5.0-6.el9.src.rpm
  - url: https://cdn-ubi.redhat.com/content/public/ubi/dist/ubi9/9/x86_64/baseos/os/Packages/g/gzip-1.12-1.el9.x86_64.rpm
    repoid: ubi-9-for-x86_64-baseos-rpms
    size: 171206
    checksum: sha256:c8b3e0414d55b1eedb0185a564ac6cb2368bee2fd5f995447d045f6a714488ac
    name: gzip
    evr: 1.12-1.el9
    sourcerpm: gzip-1.12-1.el9.src.rpm
  - url: https://cdn-ubi.redhat.com/content/public/ubi/dist/ubi9/9/x86_64/baseos/os/Packages/k/kmod-libs-28-11.el9.x86_64.rpm
    repoid: ubi-9-for-x86_64-baseos-rpms
    size: 63619
    checksum: sha256:f296bc24a1b8ba6c40ed73ba736be97ed78e4124b6dbdd8a0a25a9683d4ff1ce
    name: kmod-libs
    evr: 28-11.el9
    sourcerpm: kmod-28-11.el9.src.rpm
  - url: https://cdn-ubi.redhat.com/content/public/ubi/dist/ubi9/9/x86_64/baseos/os/Packages/l/libblkid-2.37.4-25.el9.x86_64.rpm
    repoid: ubi-9-for-x86_64-baseos-rpms
    size: 114192
    checksum: sha256:a858400abe83a7955ae509c920f835a950ea2cf1156916823c595a23ba46d536
    name: libblkid
    evr: 2.37.4-25.el9
    sourcerpm: util-linux-2.37.4-25.el9.src.rpm
  - url: https://cdn-ubi.redhat.com/content/public/ubi/dist/ubi9/9/x86_64/baseos/os/Packages/l/libdb-5.3.28-57.el9_6.x86_64.rpm
    repoid: ubi-9-for-x86_64-baseos-rpms
    size: 755192
    checksum: sha256:3246e76f197e2b60eb470b9b55d3e0dda2301b029f295fed9c38ff70b87c5b6b
    name: libdb
    evr: 5.3.28-57.el9_6
    sourcerpm: libdb-5.3.28-57.el9_6.src.rpm
  - url: https://cdn-ubi.redhat.com/content/public/ubi/dist/ubi9/9/x86_64/baseos/os/Packages/l/libeconf-0.4.1-5.el9.x86_64.rpm
    repoid: ubi-9-for-x86_64-baseos-rpms
    size: 26622
    checksum: sha256:7fe6bfb72cd91d17d64d5dab0a8914532403a33236676fb7c948692fb5128632
    name: libeconf
    evr: 0.4.1-5.el9
    sourcerpm: libeconf-0.4.1-5.el9.src.rpm
  - url: https://cdn-ubi.redhat.com/content/public/ubi/dist/ubi9/9/x86_64/baseos/os/Packages/l/libfdisk-2.37.4-25.el9.x86_64.rpm
    repoid: ubi-9-for-x86_64-baseos-rpms
    size: 161769
    checksum: sha256:1b861f267752e718ce696a80dcc06ef1dde8e9aa73fa2abed3775626d719c124
    name: libfdisk
    evr: 2.37.4-25.el9
    sourcerpm: util-linux-2.37.4-25.el9.src.rpm
  - url: https://cdn-ubi.redhat.com/content/public/ubi/dist/ubi9/9/x86_64/baseos/os/Packages/l/libmount-2.37.4-25.el9.x86_64.rpm
    repoid: ubi-9-for-x86_64-baseos-rpms
    size: 142467
    checksum: sha256:a9a2022eb9e39301bfcd3273573a108486b2b315c89247f147870016b2e9222c
    name: libmount
    evr: 2.37.4-25.el9
    sourcerpm: util-linux-2.37.4-25.el9.src.rpm
  - url: https://cdn-ubi.redhat.com/content/public/ubi/dist/ubi9/9/x86_64/baseos/os/Packages/l/libpwquality-1.4.4-8.el9.x86_64.rpm
    repoid: ubi-9-for-x86_64-baseos-rpms
    size: 126104
    checksum: sha256:14b7ff2f7fdaf8ebec90261f4619ea7f7c3564c4de8483666de7ed4b1f49b66f
    name: libpwquality
    evr: 1.4.4-8.el9
    sourcerpm: libpwquality-1.4.4-8.el9.src.rpm
  - url: https://cdn-ubi.redhat.com/content/public/ubi/dist/ubi9/9/x86_64/baseos/os/Packages/l/libseccomp-2.5.2-2.el9.x86_64.rpm
    repoid: ubi-9-for-x86_64-baseos-rpms
    size: 76200
    checksum: sha256:e2015f60dbe784330d5df43f3f05c68c307694600a636a1706bf86527cc82e82
    name: libseccomp
    evr: 2.5.2-2.el9
    sourcerpm: libseccomp-2.5.2-2.el9.src.rpm
  - url: https://cdn-ubi.redhat.com/content/public/ubi/dist/ubi9/9/x86_64/baseos/os/Packages/l/libsmartcols-2.37.4-25.el9.x86_64.rpm
    repoid: ubi-9-for-x86_64-baseos-rpms
    size: 68692
    checksum: sha256:c1da912799780b89cd44db4acc318ea4a83adba0d8d99aad1b877879f40dbd48
    name: libsmartcols
    evr: 2.37.4-25.el9
    sourcerpm: util-linux-2.37.4-25.el9.src.rpm
  - url: https://cdn-ubi.redhat.com/content/public/ubi/dist/ubi9/9/x86_64/baseos/os/Packages/l/libutempter-1.2.1-6.el9.x86_64.rpm
    repoid: ubi-9-for-x86_64-baseos-rpms
    size: 30354
    checksum: sha256:0f1df5e0d48c2ac9914bfffa7ed569cd58e42b17ba96bb3f7cf74d1e80de2597
    name: libutempter
    evr: 1.2.1-6.el9
    sourcerpm: libutempter-1.2.1-6.el9.src.rpm
  - url: https://cdn-ubi.redhat.com/content/public/ubi/dist/ubi9/9/x86_64/baseos/os/Packages/l/libuuid-2.37.4-25.el9.x86_64.rpm
    repoid: ubi-9-for-x86_64-baseos-rpms
    size: 32757
    checksum: sha256:5694aafca42c707f85af66bba11d102f7636ee17f586466b3ff80254e995ed7b
    name: libuuid
    evr: 2.37.4-25.el9
    sourcerpm: util-linux-2.37.4-25.el9.src.rpm
  - url: https://cdn-ubi.redhat.com/content/public/ubi/dist/ubi9/9/x86_64/baseos/os/Packages/l/logrotate-3.18.0-12.el9.x86_64.rpm
    repoid: ubi-9-for-x86_64-baseos-rpms
    size: 76162
    checksum: sha256:ffa6b348d400fd25151f9a8042ed33cbf9b0dd305ee532e80c5f342e30e6fdf6
    name: logrotate
    evr: 3.18.0-12.el9
    sourcerpm: logrotate-3.18.0-12.el9.src.rpm
  - url: https://cdn-ubi.redhat.com/content/public/ubi/dist/ubi9/9/x86_64/baseos/os/Packages/o/openssl-3.5.5-3.el9_8.x86_64.rpm
    repoid: ubi-9-for-x86_64-baseos-rpms
    size: 1563561
    checksum: sha256:7bfbc78ae617d7d276c4708bbcbce2cd98b88aef0b8155b784f69dcd17d1b0a5
    name: openssl
    evr: 1:3.5.5-3.el9_8
    sourcerpm: openssl-3.5.5-3.el9_8.src.rpm
  - url: https://cdn-ubi.redhat.com/content/public/ubi/dist/ubi9/9/x86_64/baseos/os/Packages/o/openssl-libs-3.5.5-3.el9_8.x86_64.rpm
    repoid: ubi-9-for-x86_64-baseos-rpms
    size: 2424992
    checksum: sha256:924b7eac2141b1bdad8abc2a1a4ac58b45c77293b1de27c00fb2433dfffa1289
    name: openssl-libs
    evr: 1:3.5.5-3.el9_8
    sourcerpm: openssl-3.5.5-3.el9_8.src.rpm
  - url: https://cdn-ubi.redhat.com/content/public/ubi/dist/ubi9/9/x86_64/baseos/os/Packages/p/pam-1.5.1-28.el9.x86_64.rpm
    repoid: ubi-9-for-x86_64-baseos-rpms
    size: 637912
    checksum: sha256:15a0a5000af6f57f47c30682f7aacf3959903788e68255132b6a05bb4b713ab1
    name: pam
    evr: 1.5.1-28.el9
    sourcerpm: pam-1.5.1-28.el9.src.rpm
  - url: https://cdn-ubi.redhat.com/content/public/ubi/dist/ubi9/9/x86_64/baseos/os/Packages/s/systemd-252-67.el9_8.2.x86_64.rpm
    repoid: ubi-9-for-x86_64-baseos-rpms
    size: 4397848
    checksum: sha256:fa993eb11a345c8082b75bd989b7f81d9c15232c4424892256ca479f65bbaee1
    name: systemd
    evr: 252-67.el9_8.2
    sourcerpm: systemd-252-67.el9_8.2.src.rpm
  - url: https://cdn-ubi.redhat.com/content/public/ubi/dist/ubi9/9/x86_64/baseos/os/Packages/s/systemd-libs-252-67.el9_8.2.x86_64.rpm
    repoid: ubi-9-for-x86_64-baseos-rpms
    size: 681874
    checksum: sha256:2e8e02ddd7b463a886126a8836d19a220ac5b91e45da7a919209f52ca37acef2
    name: systemd-libs
    evr: 252-67.el9_8.2
    sourcerpm: systemd-252-67.el9_8.2.src.rpm
  - url: https://cdn-ubi.redhat.com/content/public/ubi/dist/ubi9/9/x86_64/baseos/os/Packages/s/systemd-pam-252-67.el9_8.2.x86_64.rpm
    repoid: ubi-9-for-x86_64-baseos-rpms
    size: 277510
    checksum: sha256:8595b54b71be77fafbbbfd5f40d8afd26d489094955979c0cad486e809f99667
    name: systemd-pam
    evr: 252-67.el9_8.2
    sourcerpm: systemd-252-67.el9_8.2.src.rpm
  - url: https://cdn-ubi.redhat.com/content/public/ubi/dist/ubi9/9/x86_64/baseos/os/Packages/s/systemd-rpm-macros-252-67.el9_8.2.noarch.rpm
    repoid: ubi-9-for-x86_64-baseos-rpms
    size: 60014
    checksum: sha256:40414d69836b9e6b409c63ff8fa3b443321bfe5f5074e1ca90367d215f9b5afc
    name: systemd-rpm-macros
    evr: 252-67.el9_8.2
    sourcerpm: systemd-252-67.el9_8.2.src.rpm
  - url: https://cdn-ubi.redhat.com/content/public/ubi/dist/ubi9/9/x86_64/baseos/os/Packages/u/util-linux-2.37.4-25.el9.x86_64.rpm
    repoid: ubi-9-for-x86_64-baseos-rpms
    size: 2382511
    checksum: sha256:35e0b73e574a7d8e93af0adf54adb2303f03423fd5761e357df86288f59d7933
    name: util-linux
    evr: 2.37.4-25.el9
    sourcerpm: util-linux-2.37.4-25.el9.src.rpm
  - url: https://cdn-ubi.redhat.com/content/public/ubi/dist/ubi9/9/x86_64/baseos/os/Packages/u/util-linux-core-2.37.4-25.el9.x86_64.rpm
    repoid: ubi-9-for-x86_64-baseos-rpms
    size: 476811
    checksum: sha256:5575c8fc753d5a81022786dac33e172a6d1602ef41d247a58465754d3f952726
    name: util-linux-core
    evr: 2.37.4-25.el9
    sourcerpm: util-linux-2.37.4-25.el9.src.rpm
  source: []
  module_metadata: []
